hash: 9b4acd64387d99a4ad75c87e57045415058ce487ea8c00be86e3ec3d7a4866e0
updated: 2018-03-05T07:18:40.889916435Z
imports:
- name: github.com/subchen/go-cli
  version: 9e9dd30beefe71bae40a6c48fd99578be2121c5d
- name: github.com/subchen/go-curl
  version: a08d3f04dc608d52166dfe3ae6e27d411287e905
- name: github.com/subchen/go-stack
  version: a3519c8f0414e067fdab79eb2b2175b0cedd26b2
  subpackages:
  - cmd
  - conv
  - data
  - data/json
  - encoding/archive
  - encoding/archive/tar
  - encoding/archive/zip
  - encoding/sha256
  - fs
  - iif
  - runs
  - ss
- name: golang.org/x/net
  version: c4c3ea71919de159c9e246d7be66deb7f0a39a58
  subpackages:
  - proxy
  - publicsuffix
testImports: []
