hash: 282c04a4f4de904d0562bc729445bc6e480c814264b3c9977f88826025dc4494
updated: 2018-01-31T06:28:18.476373331Z
imports:
- name: github.com/subchen/go-cli
  version: 9e9dd30beefe71bae40a6c48fd99578be2121c5d
- name: github.com/subchen/go-stack
  version: 6c8db31774cb539374b265f37f8664c124f69584
  subpackages:
  - archive
  - archive/tar
  - archive/zip
  - checksum
  - cmd
  - fs
- name: github.com/subchen/go-tableify
  version: a2d7d89fc2bba4472ca2220022d4cc0ee6dfc858
testImports: []
