# This file is autogenerated, do not edit; changes may be undone by the next 'dep ensure'.


[[projects]]
  name = "github.com/go-yaml/yaml"
  packages = ["."]
  revision = "5420a8b6744d3b0345ab293f6fcba19c978f1183"
  version = "v2.2.1"

[[projects]]
  name = "github.com/subchen/go-cli"
  packages = ["."]
  revision = "a8b55c8ca682295ae6799510c8db704fa5ac3099"
  version = "v2.0.0"

[[projects]]
  name = "github.com/subchen/go-log"
  packages = ["."]
  revision = "f16df80d3e9a3ad718220a605d358fd2ae3588b1"
  version = "v3.0.0"

[[projects]]
  branch = "master"
  name = "github.com/subchen/go-stack"
  packages = [
    "filewalk",
    "findup",
    "fs",
    "lookup",
    "process"
  ]
  revision = "84ee5f4e121b193772fab5624eb5fe3ef471bd4f"

[[projects]]
  name = "github.com/subchen/go-tableify"
  packages = ["."]
  revision = "a2d7d89fc2bba4472ca2220022d4cc0ee6dfc858"
  version = "v1.1.0"

[solve-meta]
  analyzer-name = "dep"
  analyzer-version = 1
  inputs-digest = "52ad17ddeab9b01fff8620eabbe825d709d07098b2337f7f655f3e47cbf564ea"
  solver-name = "gps-cdcl"
  solver-version = 1
