hash: 26d09ff78edb5a9d5ca9389e50dd19bfaa3692903fbbeb9d384c04b1601cef08
updated: 2018-03-21T04:02:24.957460031Z
imports:
- name: github.com/subchen/go-cli
  version: 9ff4ff1ae6bd4d4e8e6bd9f0608f3465966cd3ae
- name: github.com/subchen/go-curl
  version: ed9947198d23a66e298658a46ff6d3c5a12369fb
- name: github.com/subchen/go-stack
  version: ce52e238e5d802088f46c8c1b3cd5a528a7bbc2a
  subpackages:
  - fs
  - runs
- name: golang.org/x/net
  version: c4c3ea71919de159c9e246d7be66deb7f0a39a58
  subpackages:
  - proxy
  - publicsuffix
testImports: []
