hash: f77bb27f0550b4855eda57814aea6e9b7cfc7900d8ee26c32471a6ac446b35cf
updated: 2018-03-21T04:04:15.512783504Z
imports:
- name: github.com/subchen/go-cli
  version: 9ff4ff1ae6bd4d4e8e6bd9f0608f3465966cd3ae
- name: github.com/subchen/go-stack
  version: ce52e238e5d802088f46c8c1b3cd5a528a7bbc2a
  subpackages:
  - encoding/sha256
  - fs
  - runs
testImports: []
