hash: f77bb27f0550b4855eda57814aea6e9b7cfc7900d8ee26c32471a6ac446b35cf
updated: 2018-03-17T03:09:27.411060775Z
imports:
- name: github.com/subchen/go-cli
  version: 41490476c50b66fd8d213bb83d72a310b4b750a7
- name: github.com/subchen/go-stack
  version: ce52e238e5d802088f46c8c1b3cd5a528a7bbc2a
  subpackages:
  - encoding/sha256
  - fs
  - runs
testImports: []
